
Microsoft Visual Studio Solution File, Format Version 12.00
# Visual Studio 2013
VisualStudioVersion = 12.0.31101.0
MinimumVisualStudioVersion = 10.0.40219.1
Project("{FAE04EC0-301F-11D3-BF4B-00C04F79EFBC}") = "UnitTestProject1", "UnitTestProject1\UnitTestProject1.csproj", "{B9E6AEF7-4430-4501-875D-38FE31B57DC5}"
EndProject
Project("{FAE04EC0-301F-11D3-BF4B-00C04F79EFBC}") = "SplittedStream", "SplittedStream\SplittedStream.csproj", "{F3A75AE0-9BFB-488E-8F9E-121F50C9B715}"
EndProject
Global
	GlobalSection(SolutionConfigurationPlatforms) = preSolution
		Debug|Any CPU = Debug|Any CPU
		Release|Any CPU = Release|Any CPU
	EndGlobalSection
	GlobalSection(ProjectConfigurationPlatforms) = postSolution
		{B9E6AEF7-4430-4501-875D-38FE31B57DC5}.Debug|Any CPU.ActiveCfg = Debug|Any CPU
		{B9E6AEF7-4430-4501-875D-38FE31B57DC5}.Debug|Any CPU.Build.0 = Debug|Any CPU
		{B9E6AEF7-4430-4501-875D-38FE31B57DC5}.Release|Any CPU.ActiveCfg = Release|Any CPU
		{B9E6AEF7-4430-4501-875D-38FE31B57DC5}.Release|Any CPU.Build.0 = Release|Any CPU
		{F3A75AE0-9BFB-488E-8F9E-121F50C9B715}.Debug|Any CPU.ActiveCfg = Debug|Any CPU
		{F3A75AE0-9BFB-488E-8F9E-121F50C9B715}.Debug|Any CPU.Build.0 = Debug|Any CPU
		{F3A75AE0-9BFB-488E-8F9E-121F50C9B715}.Release|Any CPU.ActiveCfg = Release|Any CPU
		{F3A75AE0-9BFB-488E-8F9E-121F50C9B715}.Release|Any CPU.Build.0 = Release|Any CPU
	EndGlobalSection
	GlobalSection(SolutionProperties) = preSolution
		HideSolutionNode = FALSE
	EndGlobalSection
EndGlobal
